
Microsoft Visual Studio Solution File, Format Version 12.00
# Visual Studio Version 16
VisualStudioVersion = 16.0.32228.343
MinimumVisualStudioVersion = 10.0.40219.1
Project("{FAE04EC0-301F-11D3-BF4B-00C04F79EFBC}") = "TrackerLibrary", "TrackerLibrary\TrackerLibrary.csproj", "{E840D1C2-257B-401E-B821-70AC94E72F21}"
EndProject
Project("{FAE04EC0-301F-11D3-BF4B-00C04F79EFBC}") = "TrackerUI", "TrackerUI\TrackerUI.csproj", "{EC7085F6-2648-443A-AF4A-6C6D728021D9}"
EndProject
Global
	GlobalSection(SolutionConfigurationPlatforms) = preSolution
		Debug|Any CPU = Debug|Any CPU
		Release|Any CPU = Release|Any CPU
	EndGlobalSection
	GlobalSection(ProjectConfigurationPlatforms) = postSolution
		{E840D1C2-257B-401E-B821-70AC94E72F21}.Debug|Any CPU.ActiveCfg = Debug|Any CPU
		{E840D1C2-257B-401E-B821-70AC94E72F21}.Debug|Any CPU.Build.0 = Debug|Any CPU
		{E840D1C2-257B-401E-B821-70AC94E72F21}.Release|Any CPU.ActiveCfg = Release|Any CPU
		{E840D1C2-257B-401E-B821-70AC94E72F21}.Release|Any CPU.Build.0 = Release|Any CPU
		{EC7085F6-2648-443A-AF4A-6C6D728021D9}.Debug|Any CPU.ActiveCfg = Debug|Any CPU
		{EC7085F6-2648-443A-AF4A-6C6D728021D9}.Debug|Any CPU.Build.0 = Debug|Any CPU
		{EC7085F6-2648-443A-AF4A-6C6D728021D9}.Release|Any CPU.ActiveCfg = Release|Any CPU
		{EC7085F6-2648-443A-AF4A-6C6D728021D9}.Release|Any CPU.Build.0 = Release|Any CPU
	EndGlobalSection
	GlobalSection(SolutionProperties) = preSolution
		HideSolutionNode = FALSE
	EndGlobalSection
	GlobalSection(ExtensibilityGlobals) = postSolution
		SolutionGuid = {6CA33476-F9D5-43D3-9340-4ED8D78A0FD1}
	EndGlobalSection
EndGlobal
